
Microsoft Visual Studio Solution File, Format Version 12.00
# Visual Studio Version 17
VisualStudioVersion = 17.13.35825.156 d17.13
MinimumVisualStudioVersion = 10.0.40219.1
Project("{FAE04EC0-301F-11D3-BF4B-00C04F79EFBC}") = "Flt_FlightProcessingLog", "Flt_FlightProcessingLog\Flt_FlightProcessingLog.csproj", "{BB342AF4-F796-4539-9446-9AAC6F7EA0D5}"
EndProject
Project("{FAE04EC0-301F-11D3-BF4B-00C04F79EFBC}") = "TestFlt_FlightProcessingLog", "TestFlt_FlightProcessingLog\TestFlt_FlightProcessingLog.csproj", "{CF2616EF-C84A-4182-999A-EBB477D21648}"
EndProject
Global
	GlobalSection(SolutionConfigurationPlatforms) = preSolution
		Debug|Any CPU = Debug|Any CPU
		Release|Any CPU = Release|Any CPU
	EndGlobalSection
	GlobalSection(ProjectConfigurationPlatforms) = postSolution
		{BB342AF4-F796-4539-9446-9AAC6F7EA0D5}.Debug|Any CPU.ActiveCfg = Debug|Any CPU
		{BB342AF4-F796-4539-9446-9AAC6F7EA0D5}.Debug|Any CPU.Build.0 = Debug|Any CPU
		{BB342AF4-F796-4539-9446-9AAC6F7EA0D5}.Release|Any CPU.ActiveCfg = Release|Any CPU
		{BB342AF4-F796-4539-9446-9AAC6F7EA0D5}.Release|Any CPU.Build.0 = Release|Any CPU
		{CF2616EF-C84A-4182-999A-EBB477D21648}.Debug|Any CPU.ActiveCfg = Debug|Any CPU
		{CF2616EF-C84A-4182-999A-EBB477D21648}.Debug|Any CPU.Build.0 = Debug|Any CPU
		{CF2616EF-C84A-4182-999A-EBB477D21648}.Release|Any CPU.ActiveCfg = Release|Any CPU
		{CF2616EF-C84A-4182-999A-EBB477D21648}.Release|Any CPU.Build.0 = Release|Any CPU
	EndGlobalSection
	GlobalSection(SolutionProperties) = preSolution
		HideSolutionNode = FALSE
	EndGlobalSection
	GlobalSection(ExtensibilityGlobals) = postSolution
		SolutionGuid = {7CB366AB-0CB0-495C-8C51-379C97FE3D2C}
	EndGlobalSection
EndGlobal
